hash: ca35ab414b26a41c5ffbd61caa403e8505479571dce9a81d82541ac6d5864723
updated: 2017-11-28T12:53:56.8557554-07:00
imports:
- name: github.com/allegro/bigcache
  version: 53bd79e3bbd98574dc1ac498abaf48fa5196e32b
  subpackages:
  - queue
- name: github.com/cloudfoundry-community/go-cfenv
  version: f920e9562d5f951cbf11785728f67258c38a10d0
- name: github.com/mitchellh/mapstructure
  version: 06020f85339e21b2478f756a78e295255ffa4d6a
- name: github.com/Sirupsen/logrus
  version: ba1b36c82c5e05c4f912a88eab0dcd91a171688f
- name: golang.org/x/sys
  version: b76f9891dc1d975623261def70f9b89661f5baab
  subpackages:
  - unix
- name: gopkg.in/robfig/cron.v2
  version: b024fc5ea0e34bc3f83d9941c8d60b0622bfaca4
testImports: []
