hash: ca35ab414b26a41c5ffbd61caa403e8505479571dce9a81d82541ac6d5864723
updated: 2017-10-11T18:03:00.8967191-06:00
imports:
- name: github.com/allegro/bigcache
  version: dedad99b9443f185104674c68892afb22fd464b2
  subpackages:
  - queue
- name: github.com/cloudfoundry-community/go-cfenv
  version: f920e9562d5f951cbf11785728f67258c38a10d0
- name: github.com/mitchellh/mapstructure
  version: db1efb556f84b25a0a13a04aad883943538ad2e0
- name: github.com/Sirupsen/logrus
  version: ba1b36c82c5e05c4f912a88eab0dcd91a171688f
- name: golang.org/x/sys
  version: c200b10b5d5e122be351b67af224adc6128af5bf
  subpackages:
  - unix
- name: gopkg.in/robfig/cron.v2
  version: b024fc5ea0e34bc3f83d9941c8d60b0622bfaca4
testImports: []
